
Microsoft Visual Studio Solution File, Format Version 12.00
# Visual Studio 2013
VisualStudioVersion = 12.0.21005.1
MinimumVisualStudioVersion = 10.0.40219.1
Project("{8BC9CEB8-8B4A-11D0-8D11-00A0C91BC942}") = "ffplay", "ffplay.vcxproj", "{42854408-86F2-42AF-9065-7ECE3D62DD30}"
EndProject
Global
	GlobalSection(SolutionConfigurationPlatforms) = preSolution
		Debug|Win32 = Debug|Win32
		Release|Win32 = Release|Win32
	EndGlobalSection
	GlobalSection(ProjectConfigurationPlatforms) = postSolution
		{42854408-86F2-42AF-9065-7ECE3D62DD30}.Debug|Win32.ActiveCfg = Debug|Win32
		{42854408-86F2-42AF-9065-7ECE3D62DD30}.Debug|Win32.Build.0 = Debug|Win32
		{42854408-86F2-42AF-9065-7ECE3D62DD30}.Release|Win32.ActiveCfg = Release|Win32
		{42854408-86F2-42AF-9065-7ECE3D62DD30}.Release|Win32.Build.0 = Release|Win32
	EndGlobalSection
	GlobalSection(SolutionProperties) = preSolution
		HideSolutionNode = FALSE
	EndGlobalSection
EndGlobal
